
Microsoft Visual Studio Solution File, Format Version 12.00
# Visual Studio Version 17
VisualStudioVersion = 17.7.34031.279
MinimumVisualStudioVersion = 10.0.40219.1
Project("{9A19103F-16F7-4668-BE54-9A1E7A4F7556}") = "MadWorld.FlightSimulator.IOS", "MadWorld.FlightSimulator.IOS\MadWorld.FlightSimulator.IOS.csproj", "{201B5A16-1F6A-4076-A08D-DE3EDBF7C920}"
EndProject
Project("{9A19103F-16F7-4668-BE54-9A1E7A4F7556}") = "MadWorld.FlightSimulator.Connector", "MadWorld.FlightSimulator.SimConnect\MadWorld.FlightSimulator.Connector.csproj", "{91369ADF-800C-42C7-B939-F19049DCEF20}"
EndProject
Project("{9A19103F-16F7-4668-BE54-9A1E7A4F7556}") = "MadWorld.FlightSimulator.Domain", "MadWorld.FlightSimulator.Domain\MadWorld.FlightSimulator.Domain.csproj", "{2FB30B48-FED4-46A5-B8CD-0F7B707DE60D}"
EndProject
Project("{9A19103F-16F7-4668-BE54-9A1E7A4F7556}") = "MadWorld.FlightSimulator.Console", "MadWorld.FlightSimulator.Console\MadWorld.FlightSimulator.Console.csproj", "{8D7479CD-B584-4D01-8A9F-19143867ECC1}"
EndProject
Project("{9A19103F-16F7-4668-BE54-9A1E7A4F7556}") = "MadWorld.FlightSimulator.PC", "MadWorld.FlightSimulator.PC\MadWorld.FlightSimulator.PC.csproj", "{1EF79135-8DA1-4256-A6E0-9BACFF8BA02B}"
EndProject
Project("{9A19103F-16F7-4668-BE54-9A1E7A4F7556}") = "MadWorld.FlightSimulator.IOS.Infrastructure", "MadWorld.FlightSimulator.IOS.Infrastructure\MadWorld.FlightSimulator.IOS.Infrastructure.csproj", "{9DE9A889-4C7C-44B8-AC99-946318A91108}"
EndProject
Project("{FAE04EC0-301F-11D3-BF4B-00C04F79EFBC}") = "MadWorld.FlightSimulator.PC.Application", "MadWorld.FlightSimulator.PC.Application\MadWorld.FlightSimulator.PC.Application.csproj", "{EE2A70B0-BA54-4EDD-9B0C-EF6DE75A1834}"
EndProject
Project("{FAE04EC0-301F-11D3-BF4B-00C04F79EFBC}") = "MadWorld.FlightSimulator.Simulator", "MadWorld.FlightSimulator.Simulator\MadWorld.FlightSimulator.Simulator.csproj", "{E3236DFB-670B-4483-A23C-A35A5383E6F1}"
EndProject
Project("{2150E333-8FDC-42A3-9474-1A3956D46DE8}") = "_Documentation", "_Documentation", "{B704D418-00E6-438C-8D5E-DF8D791C367F}"
	ProjectSection(SolutionItems) = preProject
		..\ReadMe.md = ..\ReadMe.md
		..\LICENSE = ..\LICENSE
	EndProjectSection
EndProject
Global
	GlobalSection(SolutionConfigurationPlatforms) = preSolution
		Debug|Any CPU = Debug|Any CPU
		Release|Any CPU = Release|Any CPU
	EndGlobalSection
	GlobalSection(ProjectConfigurationPlatforms) = postSolution
		{201B5A16-1F6A-4076-A08D-DE3EDBF7C920}.Debug|Any CPU.ActiveCfg = Debug|Any CPU
		{201B5A16-1F6A-4076-A08D-DE3EDBF7C920}.Debug|Any CPU.Build.0 = Debug|Any CPU
		{201B5A16-1F6A-4076-A08D-DE3EDBF7C920}.Debug|Any CPU.Deploy.0 = Debug|Any CPU
		{201B5A16-1F6A-4076-A08D-DE3EDBF7C920}.Release|Any CPU.ActiveCfg = Release|Any CPU
		{201B5A16-1F6A-4076-A08D-DE3EDBF7C920}.Release|Any CPU.Build.0 = Release|Any CPU
		{91369ADF-800C-42C7-B939-F19049DCEF20}.Debug|Any CPU.ActiveCfg = Debug|Any CPU
		{91369ADF-800C-42C7-B939-F19049DCEF20}.Debug|Any CPU.Build.0 = Debug|Any CPU
		{91369ADF-800C-42C7-B939-F19049DCEF20}.Release|Any CPU.ActiveCfg = Release|Any CPU
		{91369ADF-800C-42C7-B939-F19049DCEF20}.Release|Any CPU.Build.0 = Release|Any CPU
		{2FB30B48-FED4-46A5-B8CD-0F7B707DE60D}.Debug|Any CPU.ActiveCfg = Debug|Any CPU
		{2FB30B48-FED4-46A5-B8CD-0F7B707DE60D}.Debug|Any CPU.Build.0 = Debug|Any CPU
		{2FB30B48-FED4-46A5-B8CD-0F7B707DE60D}.Release|Any CPU.ActiveCfg = Release|Any CPU
		{2FB30B48-FED4-46A5-B8CD-0F7B707DE60D}.Release|Any CPU.Build.0 = Release|Any CPU
		{8D7479CD-B584-4D01-8A9F-19143867ECC1}.Debug|Any CPU.ActiveCfg = Debug|Any CPU
		{8D7479CD-B584-4D01-8A9F-19143867ECC1}.Debug|Any CPU.Build.0 = Debug|Any CPU
		{8D7479CD-B584-4D01-8A9F-19143867ECC1}.Release|Any CPU.ActiveCfg = Release|Any CPU
		{8D7479CD-B584-4D01-8A9F-19143867ECC1}.Release|Any CPU.Build.0 = Release|Any CPU
		{1EF79135-8DA1-4256-A6E0-9BACFF8BA02B}.Debug|Any CPU.ActiveCfg = Debug|Any CPU
		{1EF79135-8DA1-4256-A6E0-9BACFF8BA02B}.Debug|Any CPU.Build.0 = Debug|Any CPU
		{1EF79135-8DA1-4256-A6E0-9BACFF8BA02B}.Release|Any CPU.ActiveCfg = Release|Any CPU
		{1EF79135-8DA1-4256-A6E0-9BACFF8BA02B}.Release|Any CPU.Build.0 = Release|Any CPU
		{9DE9A889-4C7C-44B8-AC99-946318A91108}.Debug|Any CPU.ActiveCfg = Debug|Any CPU
		{9DE9A889-4C7C-44B8-AC99-946318A91108}.Debug|Any CPU.Build.0 = Debug|Any CPU
		{9DE9A889-4C7C-44B8-AC99-946318A91108}.Release|Any CPU.ActiveCfg = Release|Any CPU
		{9DE9A889-4C7C-44B8-AC99-946318A91108}.Release|Any CPU.Build.0 = Release|Any CPU
		{EE2A70B0-BA54-4EDD-9B0C-EF6DE75A1834}.Debug|Any CPU.ActiveCfg = Debug|Any CPU
		{EE2A70B0-BA54-4EDD-9B0C-EF6DE75A1834}.Debug|Any CPU.Build.0 = Debug|Any CPU
		{EE2A70B0-BA54-4EDD-9B0C-EF6DE75A1834}.Release|Any CPU.ActiveCfg = Release|Any CPU
		{EE2A70B0-BA54-4EDD-9B0C-EF6DE75A1834}.Release|Any CPU.Build.0 = Release|Any CPU
		{E3236DFB-670B-4483-A23C-A35A5383E6F1}.Debug|Any CPU.ActiveCfg = Debug|Any CPU
		{E3236DFB-670B-4483-A23C-A35A5383E6F1}.Debug|Any CPU.Build.0 = Debug|Any CPU
		{E3236DFB-670B-4483-A23C-A35A5383E6F1}.Release|Any CPU.ActiveCfg = Release|Any CPU
		{E3236DFB-670B-4483-A23C-A35A5383E6F1}.Release|Any CPU.Build.0 = Release|Any CPU
	EndGlobalSection
	GlobalSection(SolutionProperties) = preSolution
		HideSolutionNode = FALSE
	EndGlobalSection
	GlobalSection(ExtensibilityGlobals) = postSolution
		SolutionGuid = {106D8F5B-A291-4A62-8317-DE4C168D217D}
	EndGlobalSection
EndGlobal
